
Microsoft Visual Studio Solution File, Format Version 11.00
# Visual Studio 2010
Project("{FAE04EC0-301F-11D3-BF4B-00C04F79EFBC}") = "FlickrUploadManager", "FlickrUploadManager\FlickrUploadManager.csproj", "{2F9451F4-7846-4330-9E84-0AE8C5DE1FE8}"
EndProject
Project("{FAE04EC0-301F-11D3-BF4B-00C04F79EFBC}") = "FlickrSharp", "FlickrSharp\FlickrSharp.csproj", "{086570CF-369D-4D2F-92D6-A826C52E21AD}"
EndProject
Project("{FAE04EC0-301F-11D3-BF4B-00C04F79EFBC}") = "PlanMaker", "PlanMaker\PlanMaker.csproj", "{5C7C15BC-FCED-44C5-9AB1-1519969CBBEA}"
EndProject
Project("{FAE04EC0-301F-11D3-BF4B-00C04F79EFBC}") = "FlickrSharp.Common", "FlickrSharp.Common\FlickrSharp.Common.csproj", "{4D8786AA-4792-4827-B117-6B45A2BFF58F}"
EndProject
Global
	GlobalSection(SubversionScc) = preSolution
		Svn-Managed = True
		Manager = AnkhSVN - Subversion Support for Visual Studio
	EndGlobalSection
	GlobalSection(SolutionConfigurationPlatforms) = preSolution
		Debug|Any CPU = Debug|Any CPU
		Debug|Mixed Platforms = Debug|Mixed Platforms
		Debug|x86 = Debug|x86
		Release|Any CPU = Release|Any CPU
		Release|Mixed Platforms = Release|Mixed Platforms
		Release|x86 = Release|x86
	EndGlobalSection
	GlobalSection(ProjectConfigurationPlatforms) = postSolution
		{2F9451F4-7846-4330-9E84-0AE8C5DE1FE8}.Debug|Any CPU.ActiveCfg = Debug|Any CPU
		{2F9451F4-7846-4330-9E84-0AE8C5DE1FE8}.Debug|Any CPU.Build.0 = Debug|Any CPU
		{2F9451F4-7846-4330-9E84-0AE8C5DE1FE8}.Debug|Mixed Platforms.ActiveCfg = Debug|Any CPU
		{2F9451F4-7846-4330-9E84-0AE8C5DE1FE8}.Debug|Mixed Platforms.Build.0 = Debug|Any CPU
		{2F9451F4-7846-4330-9E84-0AE8C5DE1FE8}.Debug|x86.ActiveCfg = Debug|Any CPU
		{2F9451F4-7846-4330-9E84-0AE8C5DE1FE8}.Release|Any CPU.ActiveCfg = Release|Any CPU
		{2F9451F4-7846-4330-9E84-0AE8C5DE1FE8}.Release|Any CPU.Build.0 = Release|Any CPU
		{2F9451F4-7846-4330-9E84-0AE8C5DE1FE8}.Release|Mixed Platforms.ActiveCfg = Release|Any CPU
		{2F9451F4-7846-4330-9E84-0AE8C5DE1FE8}.Release|Mixed Platforms.Build.0 = Release|Any CPU
		{2F9451F4-7846-4330-9E84-0AE8C5DE1FE8}.Release|x86.ActiveCfg = Release|Any CPU
		{086570CF-369D-4D2F-92D6-A826C52E21AD}.Debug|Any CPU.ActiveCfg = Debug|x86
		{086570CF-369D-4D2F-92D6-A826C52E21AD}.Debug|Mixed Platforms.ActiveCfg = Debug|x86
		{086570CF-369D-4D2F-92D6-A826C52E21AD}.Debug|Mixed Platforms.Build.0 = Debug|x86
		{086570CF-369D-4D2F-92D6-A826C52E21AD}.Debug|x86.ActiveCfg = Debug|x86
		{086570CF-369D-4D2F-92D6-A826C52E21AD}.Debug|x86.Build.0 = Debug|x86
		{086570CF-369D-4D2F-92D6-A826C52E21AD}.Release|Any CPU.ActiveCfg = Release|x86
		{086570CF-369D-4D2F-92D6-A826C52E21AD}.Release|Mixed Platforms.ActiveCfg = Release|x86
		{086570CF-369D-4D2F-92D6-A826C52E21AD}.Release|Mixed Platforms.Build.0 = Release|x86
		{086570CF-369D-4D2F-92D6-A826C52E21AD}.Release|x86.ActiveCfg = Release|x86
		{086570CF-369D-4D2F-92D6-A826C52E21AD}.Release|x86.Build.0 = Release|x86
		{5C7C15BC-FCED-44C5-9AB1-1519969CBBEA}.Debug|Any CPU.ActiveCfg = Debug|x86
		{5C7C15BC-FCED-44C5-9AB1-1519969CBBEA}.Debug|Mixed Platforms.ActiveCfg = Debug|x86
		{5C7C15BC-FCED-44C5-9AB1-1519969CBBEA}.Debug|Mixed Platforms.Build.0 = Debug|x86
		{5C7C15BC-FCED-44C5-9AB1-1519969CBBEA}.Debug|x86.ActiveCfg = Debug|x86
		{5C7C15BC-FCED-44C5-9AB1-1519969CBBEA}.Debug|x86.Build.0 = Debug|x86
		{5C7C15BC-FCED-44C5-9AB1-1519969CBBEA}.Release|Any CPU.ActiveCfg = Release|x86
		{5C7C15BC-FCED-44C5-9AB1-1519969CBBEA}.Release|Mixed Platforms.ActiveCfg = Release|x86
		{5C7C15BC-FCED-44C5-9AB1-1519969CBBEA}.Release|Mixed Platforms.Build.0 = Release|x86
		{5C7C15BC-FCED-44C5-9AB1-1519969CBBEA}.Release|x86.ActiveCfg = Release|x86
		{5C7C15BC-FCED-44C5-9AB1-1519969CBBEA}.Release|x86.Build.0 = Release|x86
		{4D8786AA-4792-4827-B117-6B45A2BFF58F}.Debug|Any CPU.ActiveCfg = Debug|Any CPU
		{4D8786AA-4792-4827-B117-6B45A2BFF58F}.Debug|Any CPU.Build.0 = Debug|Any CPU
		{4D8786AA-4792-4827-B117-6B45A2BFF58F}.Debug|Mixed Platforms.ActiveCfg = Debug|Any CPU
		{4D8786AA-4792-4827-B117-6B45A2BFF58F}.Debug|Mixed Platforms.Build.0 = Debug|Any CPU
		{4D8786AA-4792-4827-B117-6B45A2BFF58F}.Debug|x86.ActiveCfg = Debug|Any CPU
		{4D8786AA-4792-4827-B117-6B45A2BFF58F}.Release|Any CPU.ActiveCfg = Release|Any CPU
		{4D8786AA-4792-4827-B117-6B45A2BFF58F}.Release|Any CPU.Build.0 = Release|Any CPU
		{4D8786AA-4792-4827-B117-6B45A2BFF58F}.Release|Mixed Platforms.ActiveCfg = Release|Any CPU
		{4D8786AA-4792-4827-B117-6B45A2BFF58F}.Release|Mixed Platforms.Build.0 = Release|Any CPU
		{4D8786AA-4792-4827-B117-6B45A2BFF58F}.Release|x86.ActiveCfg = Release|Any CPU
	EndGlobalSection
	GlobalSection(SolutionProperties) = preSolution
		HideSolutionNode = FALSE
	EndGlobalSection
EndGlobal
